
Microsoft Visual Studio Solution File, Format Version 12.00
# Visual Studio Version 16
VisualStudioVersion = 16.0.32802.440
MinimumVisualStudioVersion = 10.0.40219.1
Project("{FAE04EC0-301F-11D3-BF4B-00C04F79EFBC}") = "WindowsFormsAtividade1", "WindowsFormsAtividade1\WindowsFormsAtividade1.csproj", "{FB1D7793-304D-4B26-B050-332625C0F102}"
EndProject
Global
	GlobalSection(SolutionConfigurationPlatforms) = preSolution
		Debug|Any CPU = Debug|Any CPU
		Release|Any CPU = Release|Any CPU
	EndGlobalSection
	GlobalSection(ProjectConfigurationPlatforms) = postSolution
		{FB1D7793-304D-4B26-B050-332625C0F102}.Debug|Any CPU.ActiveCfg = Debug|Any CPU
		{FB1D7793-304D-4B26-B050-332625C0F102}.Debug|Any CPU.Build.0 = Debug|Any CPU
		{FB1D7793-304D-4B26-B050-332625C0F102}.Release|Any CPU.ActiveCfg = Release|Any CPU
		{FB1D7793-304D-4B26-B050-332625C0F102}.Release|Any CPU.Build.0 = Release|Any CPU
	EndGlobalSection
	GlobalSection(SolutionProperties) = preSolution
		HideSolutionNode = FALSE
	EndGlobalSection
	GlobalSection(ExtensibilityGlobals) = postSolution
		SolutionGuid = {1C85A76E-2C1C-44AD-BA69-EA47087BB1DF}
	EndGlobalSection
EndGlobal
